
Microsoft Visual Studio Solution File, Format Version 12.00
# Visual Studio Version 17
VisualStudioVersion = 17.10.35122.118
MinimumVisualStudioVersion = 10.0.40219.1
Project("{FAE04EC0-301F-11D3-BF4B-00C04F79EFBC}") = "Calculator", "Calculator.csproj", "{CE0808B8-4050-4F7F-AB35-60F8F3774C44}"
EndProject
Global
	GlobalSection(SolutionConfigurationPlatforms) = preSolution
		Debug|Any CPU = Debug|Any CPU
		Release|Any CPU = Release|Any CPU
	EndGlobalSection
	GlobalSection(ProjectConfigurationPlatforms) = postSolution
		{CE0808B8-4050-4F7F-AB35-60F8F3774C44}.Debug|Any CPU.ActiveCfg = Debug|Any CPU
		{CE0808B8-4050-4F7F-AB35-60F8F3774C44}.Debug|Any CPU.Build.0 = Debug|Any CPU
		{CE0808B8-4050-4F7F-AB35-60F8F3774C44}.Release|Any CPU.ActiveCfg = Release|Any CPU
		{CE0808B8-4050-4F7F-AB35-60F8F3774C44}.Release|Any CPU.Build.0 = Release|Any CPU
	EndGlobalSection
	GlobalSection(SolutionProperties) = preSolution
		HideSolutionNode = FALSE
	EndGlobalSection
	GlobalSection(ExtensibilityGlobals) = postSolution
		SolutionGuid = {DC6FE63C-2FB0-42FA-BE98-5504FAAD80AC}
	EndGlobalSection
EndGlobal
